{
  "version": "v1",
  "packages": {
    "tuya-panel-kit": {
      "signature": "97e3545e018c774b3b835130699e739a",
      "replaced": "file:.yalc/tuya-panel-kit"
    },
    "tuya-panel-utils": {
      "signature": "244d2542924531b60468e9aaac37e837"
    },
    "tuya-panel-theme": {
      "signature": "26d2edf5c4fc30cd8d4ea13fd3ef1e62"
    }
  }
}